{
    "_meta": {
        "hash": {
            "sha256": "5db7b34d8daef22838f264c5aa0b9ad8c9a8ddacf89a066c24be8635c42ad171"
        },
        "pipfile-spec": 6,
        "requires": {
            "python_version": "3.11"
        },
        "sources": [
            {
                "name": "pypi",
                "url": "https://pypi.org/simple",
                "verify_ssl": true
            }
        ]
    },
    "default": {
        "asgiref": {
            "hashes": [
                "sha256:89b2ef2247e3b562a16eef663bc0e2e703ec6468e2fa8a5cd61cd449786d4f6e",
                "sha256:9e0ce3aa93a819ba5b45120216b23878cf6e8525eb3848653452b4192b92afed"
            ],
            "markers": "python_version >= '3.7'",
            "version": "==3.7.2"
        },
        "click": {
            "hashes": [
                "sha256:ae74fb96c20a0277a1d615f1e4d73c8414f5a98db8b799a7931d1582f3390c28",
                "sha256:ca9853ad459e787e2192211578cc907e7594e294c7ccc834310722b41b9ca6de"
            ],
            "markers": "python_version >= '3.7'",
            "version": "==8.1.7"
        },
        "dnspython": {
            "hashes": [
                "sha256:57c6fbaaeaaf39c891292012060beb141791735dbb4004798328fc2c467402d8",
                "sha256:8dcfae8c7460a2f84b4072e26f1c9f4101ca20c071649cb7c34e8b6a93d58984"
            ],
            "markers": "python_version >= '3.8' and python_version < '4.0'",
            "version": "==2.4.2"
        },
        "ecdsa": {
            "hashes": [
                "sha256:190348041559e21b22a1d65cee485282ca11a6f81d503fddb84d5017e9ed1e49",
                "sha256:80600258e7ed2f16b9aa1d7c295bd70194109ad5a30fdee0eaeefef1d4c559dd"
            ],
            "markers": "python_version >= '2.6' and python_version not in '3.0, 3.1, 3.2'",
            "version": "==0.18.0"
        },
        "email-validator": {
            "hashes": [
                "sha256:49a72f5fa6ed26be1c964f0567d931d10bf3fdeeacdf97bc26ef1cd2a44e0bda",
                "sha256:d178c5c6fa6c6824e9b04f199cf23e79ac15756786573c190d2ad13089411ad2"
            ],
            "index": "pypi",
            "markers": "python_version >= '3.5'",
            "version": "==1.3.1"
        },
        "fastapi": {
            "hashes": [
                "sha256:36bcdd3dbea87c586061005e4a40b9bd0145afd766655b4e0ec1d8870b32555c",
                "sha256:38526fc46bda73f7ec92033952677323c16061e70a91d15c95f18b11895da494"
            ],
            "index": "pypi",
            "markers": "python_full_version >= '3.6.1'",
            "version": "==0.68.2"
        },
        "greenlet": {
            "hashes": [
                "sha256:0a02d259510b3630f330c86557331a3b0e0c79dac3d166e449a39363beaae174",
                "sha256:0b6f9f8ca7093fd4433472fd99b5650f8a26dcd8ba410e14094c1e44cd3ceddd",
                "sha256:100f78a29707ca1525ea47388cec8a049405147719f47ebf3895e7509c6446aa",
                "sha256:1757936efea16e3f03db20efd0cd50a1c86b06734f9f7338a90c4ba85ec2ad5a",
                "sha256:19075157a10055759066854a973b3d1325d964d498a805bb68a1f9af4aaef8ec",
                "sha256:19bbdf1cce0346ef7341705d71e2ecf6f41a35c311137f29b8a2dc2341374565",
                "sha256:20107edf7c2c3644c67c12205dc60b1bb11d26b2610b276f97d666110d1b511d",
                "sha256:22f79120a24aeeae2b4471c711dcf4f8c736a2bb2fabad2a67ac9a55ea72523c",
                "sha256:2847e5d7beedb8d614186962c3d774d40d3374d580d2cbdab7f184580a39d234",
                "sha256:28e89e232c7593d33cac35425b58950789962011cc274aa43ef8865f2e11f46d",
                "sha256:329c5a2e5a0ee942f2992c5e3ff40be03e75f745f48847f118a3cfece7a28546",
                "sha256:337322096d92808f76ad26061a8f5fccb22b0809bea39212cd6c406f6a7060d2",
                "sha256:3fcc780ae8edbb1d050d920ab44790201f027d59fdbd21362340a85c79066a74",
                "sha256:41bdeeb552d814bcd7fb52172b304898a35818107cc8778b5101423c9017b3de",
                "sha256:4eddd98afc726f8aee1948858aed9e6feeb1758889dfd869072d4465973f6bfd",
                "sha256:52e93b28db27ae7d208748f45d2db8a7b6a380e0d703f099c949d0f0d80b70e9",
                "sha256:55d62807f1c5a1682075c62436702aaba941daa316e9161e4b6ccebbbf38bda3",
                "sha256:5805e71e5b570d490938d55552f5a9e10f477c19400c38bf1d5190d760691846",
                "sha256:599daf06ea59bfedbec564b1692b0166a0045f32b6f0933b0dd4df59a854caf2",
                "sha256:60d5772e8195f4e9ebf74046a9121bbb90090f6550f81d8956a05387ba139353",
                "sha256:696d8e7d82398e810f2b3622b24e87906763b6ebfd90e361e88eb85b0e554dc8",
                "sha256:6e6061bf1e9565c29002e3c601cf68569c450be7fc3f7336671af7ddb4657166",
                "sha256:80ac992f25d10aaebe1ee15df45ca0d7571d0f70b645c08ec68733fb7a020206",
                "sha256:816bd9488a94cba78d93e1abb58000e8266fa9cc2aa9ccdd6eb0696acb24005b",
                "sha256:85d2b77e7c9382f004b41d9c72c85537fac834fb141b0296942d52bf03fe4a3d",
                "sha256:87c8ceb0cf8a5a51b8008b643844b7f4a8264a2c13fcbcd8a8316161725383fe",
                "sha256:89ee2e967bd7ff85d84a2de09df10e021c9b38c7d91dead95b406ed6350c6997",
                "sha256:8bef097455dea90ffe855286926ae02d8faa335ed8e4067326257cb571fc1445",
                "sha256:8d11ebbd679e927593978aa44c10fc2092bc454b7d13fdc958d3e9d508aba7d0",
                "sha256:91e6c7db42638dc45cf2e13c73be16bf83179f7859b07cfc139518941320be96",
                "sha256:97e7ac860d64e2dcba5c5944cfc8fa9ea185cd84061c623536154d5a89237884",
                "sha256:990066bff27c4fcf3b69382b86f4c99b3652bab2a7e685d968cd4d0cfc6f67c6",
                "sha256:9fbc5b8f3dfe24784cee8ce0be3da2d8a79e46a276593db6868382d9c50d97b1",
                "sha256:ac4a39d1abae48184d420aa8e5e63efd1b75c8444dd95daa3e03f6c6310e9619",
                "sha256:b2c02d2ad98116e914d4f3155ffc905fd0c025d901ead3f6ed07385e19122c94",
                "sha256:b2d3337dcfaa99698aa2377c81c9ca72fcd89c07e7eb62ece3f23a3fe89b2ce4",
                "sha256:b489c36d1327868d207002391f662a1d163bdc8daf10ab2e5f6e41b9b96de3b1",
                "sha256:b641161c302efbb860ae6b081f406839a8b7d5573f20a455539823802c655f63",
                "sha256:b8ba29306c5de7717b5761b9ea74f9c72b9e2b834e24aa984da99cbfc70157fd",
                "sha256:b9934adbd0f6e476f0ecff3c94626529f344f57b38c9a541f87098710b18af0a",
                "sha256:ce85c43ae54845272f6f9cd8320d034d7a946e9773c693b27d620edec825e376",
                "sha256:cf868e08690cb89360eebc73ba4be7fb461cfbc6168dd88e2fbbe6f31812cd57",
                "sha256:d2905ce1df400360463c772b55d8e2518d0e488a87cdea13dd2c71dcb2a1fa16",
                "sha256:d57e20ba591727da0c230ab2c3f200ac9d6d333860d85348816e1dca4cc4792e",
                "sha256:d6a8c9d4f8692917a3dc7eb25a6fb337bff86909febe2f793ec1928cd97bedfc",
                "sha256:d923ff276f1c1f9680d32832f8d6c040fe9306cbfb5d161b0911e9634be9ef0a",
                "sha256:daa7197b43c707462f06d2c693ffdbb5991cbb8b80b5b984007de431493a319c",
                "sha256:dbd4c177afb8a8d9ba348d925b0b67246147af806f0b104af4d24f144d461cd5",
                "sha256:dc4d815b794fd8868c4d67602692c21bf5293a75e4b607bb92a11e821e2b859a",
                "sha256:e9d21aaa84557d64209af04ff48e0ad5e28c5cca67ce43444e939579d085da72",
                "sha256:ea6b8aa9e08eea388c5f7a276fabb1d4b6b9d6e4ceb12cc477c3d352001768a9",
                "sha256:eabe7090db68c981fca689299c2d116400b553f4b713266b130cfc9e2aa9c5a9",
                "sha256:f2f6d303f3dee132b322a14cd8765287b8f86cdc10d2cb6a6fae234ea488888e",
                "sha256:f33f3258aae89da191c6ebaa3bc517c6c4cbc9b9f689e5d8452f7aedbb913fa8",
                "sha256:f7bfb769f7efa0eefcd039dd19d843a4fbfbac52f1878b1da2ed5793ec9b1a65",
                "sha256:f89e21afe925fcfa655965ca8ea10f24773a1791400989ff32f467badfe4a064",
                "sha256:fa24255ae3c0ab67e613556375a4341af04a084bd58764731972bcbc8baeba36"
            ],
            "markers": "python_version >= '3' and (platform_machine == 'aarch64' or (platform_machine == 'ppc64le' or (platform_machine == 'x86_64' or (platform_machine == 'amd64' or (platform_machine == 'AMD64' or (platform_machine == 'win32' or platform_machine == 'WIN32'))))))",
            "version": "==3.0.1"
        },
        "h11": {
            "hashes": [
                "sha256:8f19fbbe99e72420ff35c00b27a34cb9937e902a8b810e2c88300c6f0a3b699d",
                "sha256:e3fe4ac4b851c468cc8363d500db52c2ead036020723024a109d37346efaa761"
            ],
            "markers": "python_version >= '3.7'",
            "version": "==0.14.0"
        },
        "idna": {
            "hashes": [
                "sha256:9ecdbbd083b06798ae1e86adcbfe8ab1479cf864e4ee30fe4e46a003d12491ca",
                "sha256:c05567e9c24a6b9faaa835c4821bad0590fbb9d5779e7caa6e1cc4978e7eb24f"
            ],
            "markers": "python_version >= '3.5'",
            "version": "==3.6"
        },
        "passlib": {
            "hashes": [
                "sha256:aa6bca462b8d8bda89c70b382f0c298a20b5560af6cbfa2dce410c0a2fb669f1",
                "sha256:defd50f72b65c5402ab2c573830a6978e5f202ad0d984793c8dde2c4152ebe04"
            ],
            "index": "pypi",
            "version": "==1.7.4"
        },
        "psycopg2": {
            "hashes": [
                "sha256:093e3894d2d3c592ab0945d9eba9d139c139664dcf83a1c440b8a7aa9bb21955",
                "sha256:190d51e8c1b25a47484e52a79638a8182451d6f6dff99f26ad9bd81e5359a0fa",
                "sha256:1a5c7d7d577e0eabfcf15eb87d1e19314c8c4f0e722a301f98e0e3a65e238b4e",
                "sha256:1e5a38aa85bd660c53947bd28aeaafb6a97d70423606f1ccb044a03a1203fe4a",
                "sha256:322fd5fca0b1113677089d4ebd5222c964b1760e361f151cbb2706c4912112c5",
                "sha256:4cb9936316d88bfab614666eb9e32995e794ed0f8f6b3b718666c22819c1d7ee",
                "sha256:920bf418000dd17669d2904472efeab2b20546efd0548139618f8fa305d1d7ad",
                "sha256:922cc5f0b98a5f2b1ff481f5551b95cd04580fd6f0c72d9b22e6c0145a4840e0",
                "sha256:a5246d2e683a972e2187a8714b5c2cf8156c064629f9a9b1a873c1730d9e245a",
                "sha256:b9ac1b0d8ecc49e05e4e182694f418d27f3aedcfca854ebd6c05bb1cffa10d6d",
                "sha256:d3ef67e630b0de0779c42912fe2cbae3805ebaba30cda27fea2a3de650a9414f",
                "sha256:f5b6320dbc3cf6cfb9f25308286f9f7ab464e65cfb105b64cc9c52831748ced2",
                "sha256:fc04dd5189b90d825509caa510f20d1d504761e78b8dfb95a0ede180f71d50e5"
            ],
            "index": "pypi",
            "markers": "python_version >= '3.6'",
            "version": "==2.9.5"
        },
        "pyasn1": {
            "hashes": [
                "sha256:4439847c58d40b1d0a573d07e3856e95333f1976294494c325775aeca506eb58",
                "sha256:6d391a96e59b23130a5cfa74d6fd7f388dbbe26cc8f1edf39fdddf08d9d6676c"
            ],
            "markers": "python_version >= '2.7' and python_version not in '3.0, 3.1, 3.2, 3.3, 3.4, 3.5'",
            "version": "==0.5.1"
        },
        "pydantic": {
            "hashes": [
                "sha256:1740068fd8e2ef6eb27a20e5651df000978edce6da6803c2bef0bc74540f9548",
                "sha256:210ce042e8f6f7c01168b2d84d4c9eb2b009fe7bf572c2266e235edf14bacd80",
                "sha256:32c8b48dcd3b2ac4e78b0ba4af3a2c2eb6048cb75202f0ea7b34feb740efc340",
                "sha256:3ecea2b9d80e5333303eeb77e180b90e95eea8f765d08c3d278cd56b00345d01",
                "sha256:4b03e42ec20286f052490423682016fd80fda830d8e4119f8ab13ec7464c0132",
                "sha256:4c5370a7edaac06daee3af1c8b1192e305bc102abcbf2a92374b5bc793818599",
                "sha256:56e3ff861c3b9c6857579de282ce8baabf443f42ffba355bf070770ed63e11e1",
                "sha256:5a1f9f747851338933942db7af7b6ee8268568ef2ed86c4185c6ef4402e80ba8",
                "sha256:5e08865bc6464df8c7d61439ef4439829e3ab62ab1669cddea8dd00cd74b9ffe",
                "sha256:61d9dce220447fb74f45e73d7ff3b530e25db30192ad8d425166d43c5deb6df0",
                "sha256:654db58ae399fe6434e55325a2c3e959836bd17a6f6a0b6ca8107ea0571d2e17",
                "sha256:678bcf5591b63cc917100dc50ab6caebe597ac67e8c9ccb75e698f66038ea953",
                "sha256:6cf25c1a65c27923a17b3da28a0bdb99f62ee04230c931d83e888012851f4e7f",
                "sha256:75ac15385a3534d887a99c713aa3da88a30fbd6204a5cd0dc4dab3d770b9bd2f",
                "sha256:75b297827b59bc229cac1a23a2f7a4ac0031068e5be0ce385be1462e7e17a35d",
                "sha256:7d6f6e7305244bddb4414ba7094ce910560c907bdfa3501e9db1a7fd7eaea127",
                "sha256:84bafe2e60b5e78bc64a2941b4c071a4b7404c5c907f5f5a99b0139781e69ed8",
                "sha256:854223752ba81e3abf663d685f105c64150873cc6f5d0c01d3e3220bcff7d36f",
                "sha256:8ae5dd6b721459bfa30805f4c25880e0dd78fc5b5879f9f7a692196ddcb5a580",
                "sha256:8ef467901d7a41fa0ca6db9ae3ec0021e3f657ce2c208e98cd511f3161c762c6",
                "sha256:968ac42970f57b8344ee08837b62f6ee6f53c33f603547a55571c954a4225691",
                "sha256:97cce3ae7341f7620a0ba5ef6cf043975cd9d2b81f3aa5f4ea37928269bc1b87",
                "sha256:9849f031cf8a2f0a928fe885e5a04b08006d6d41876b8bbd2fc68a18f9f2e3fd",
                "sha256:9f00790179497767aae6bcdc36355792c79e7bbb20b145ff449700eb076c5f96",
                "sha256:b87326822e71bd5f313e7d3bfdc77ac3247035ac10b0c0618bd99dcf95b1e687",
                "sha256:b97c1fac8c49be29486df85968682b0afa77e1b809aff74b83081cc115e52f33",
                "sha256:bc0898c12f8e9c97f6cd44c0ed70d55749eaf783716896960b4ecce2edfd2d69",
                "sha256:c553f6a156deb868ba38a23cf0df886c63492e9257f60a79c0fd8e7173537653",
                "sha256:c636925f38b8db208e09d344c7aa4f29a86bb9947495dd6b6d376ad10334fb78",
                "sha256:c958d053453a1c4b1c2062b05cd42d9d5c8eb67537b8d5a7e3c3032943ecd261",
                "sha256:d3a3c792a58e1622667a2837512099eac62490cdfd63bd407993aaf200a4cf1f",
                "sha256:e31647d85a2013d926ce60b84f9dd5300d44535a9941fe825dc349ae1f760df9",
                "sha256:e70ca129d2053fb8b728ee7d1af8e553a928d7e301a311094b8a0501adc8763d",
                "sha256:efff03cc7a4f29d9009d1c96ceb1e7a70a65cfe86e89d34e4a5f2ab1e5693737",
                "sha256:f59ef915cac80275245824e9d771ee939133be38215555e9dc90c6cb148aaeb5",
                "sha256:f8e81fc5fb17dae698f52bdd1c4f18b6ca674d7068242b2aff075f588301bbb0"
            ],
            "index": "pypi",
            "markers": "python_version >= '3.7'",
            "version": "==1.10.13"
        },
        "python-jose": {
            "hashes": [
                "sha256:55779b5e6ad599c6336191246e95eb2293a9ddebd555f796a65f838f07e5d78a",
                "sha256:9b1376b023f8b298536eedd47ae1089bcdb848f1535ab30555cd92002d78923a"
            ],
            "index": "pypi",
            "version": "==3.3.0"
        },
        "rsa": {
            "hashes": [
                "sha256:90260d9058e514786967344d0ef75fa8727eed8a7d2e43ce9f4bcf1b536174f7",
                "sha256:e38464a49c6c85d7f1351b0126661487a7e0a14a50f1675ec50eb34d4f20ef21"
            ],
            "markers": "python_version >= '3.6' and python_version < '4'",
            "version": "==4.9"
        },
        "six": {
            "hashes": [
                "sha256:1e61c37477a1626458e36f7b1d82aa5c9b094fa4802892072e49de9c60c4c926",
                "sha256:8abb2f1d86890a2dfb989f9a77cfcfd3e47c2a354b01111771326f8aa26e0254"
            ],
            "markers": "python_version >= '2.7' and python_version not in '3.0, 3.1, 3.2'",
            "version": "==1.16.0"
        },
        "sqlalchemy": {
            "hashes": [
                "sha256:07e48cbcdda6b8bc7a59d6728bd3f5f574ffe03f2c9fb384239f3789c2d95c2e",
                "sha256:18cafdb27834fa03569d29f571df7115812a0e59fd6a3a03ccb0d33678ec8420",
                "sha256:1b1e5e96e2789d89f023d080bee432e2fef64d95857969e70d3cadec80bd26f0",
                "sha256:315676344e3558f1f80d02535f410e80ea4e8fddba31ec78fe390eff5fb8f466",
                "sha256:31de1e2c45e67a5ec1ecca6ec26aefc299dd5151e355eb5199cd9516b57340be",
                "sha256:3d94682732d1a0def5672471ba42a29ff5e21bb0aae0afa00bb10796fc1e28dd",
                "sha256:3ec187acf85984263299a3f15c34a6c0671f83565d86d10f43ace49881a82718",
                "sha256:4847f4b1d822754e35707db913396a29d874ee77b9c3c3ef3f04d5a9a6209618",
                "sha256:4d112b0f3c1bc5ff70554a97344625ef621c1bfe02a73c5d97cac91f8cd7a41e",
                "sha256:51e1ba2884c6a2b8e19109dc08c71c49530006c1084156ecadfaadf5f9b8b053",
                "sha256:535377e9b10aff5a045e3d9ada8a62d02058b422c0504ebdcf07930599890eb0",
                "sha256:5dbf17ac9a61e7a3f1c7ca47237aac93cabd7f08ad92ac5b96d6f8dea4287fc1",
                "sha256:5f752676fc126edc1c4af0ec2e4d2adca48ddfae5de46bb40adbd3f903eb2120",
                "sha256:64cb0ad8a190bc22d2112001cfecdec45baffdf41871de777239da6a28ed74b6",
                "sha256:6913b8247d8a292ef8315162a51931e2b40ce91681f1b6f18f697045200c4a30",
                "sha256:69fac0a7054d86b997af12dc23f581cf0b25fb1c7d1fed43257dee3af32d3d6d",
                "sha256:7001f16a9a8e06488c3c7154827c48455d1c1507d7228d43e781afbc8ceccf6d",
                "sha256:7b81b1030c42b003fc10ddd17825571603117f848814a344d305262d370e7c34",
                "sha256:7f8267682eb41a0584cf66d8a697fef64b53281d01c93a503e1344197f2e01fe",
                "sha256:887865924c3d6e9a473dc82b70977395301533b3030d0f020c38fd9eba5419f2",
                "sha256:9167d4227b56591a4cc5524f1b79ccd7ea994f36e4c648ab42ca995d28ebbb96",
                "sha256:939f9a018d2ad04036746e15d119c0428b1e557470361aa798e6e7d7f5875be0",
                "sha256:955162ad1a931fe416eded6bb144ba891ccbf9b2e49dc7ded39274dd9c5affc5",
                "sha256:984ee13543a346324319a1fb72b698e521506f6f22dc37d7752a329e9cd00a32",
                "sha256:9883f5fae4fd8e3f875adc2add69f8b945625811689a6c65866a35ee9c0aea23",
                "sha256:a1ad90c97029cc3ab4ffd57443a20fac21d2ec3c89532b084b073b3feb5abff3",
                "sha256:a3714e5b33226131ac0da60d18995a102a17dddd42368b7bdd206737297823ad",
                "sha256:ae067ab639fa499f67ded52f5bc8e084f045d10b5ac7bb928ae4ca2b6c0429a5",
                "sha256:b33ffbdbbf5446cf36cd4cc530c9d9905d3c2fe56ed09e25c22c850cdb9fac92",
                "sha256:b6e4cb5c63f705c9d546a054c60d326cbde7421421e2d2565ce3e2eee4e1a01f",
                "sha256:b7f4b6aa6e87991ec7ce0e769689a977776db6704947e562102431474799a857",
                "sha256:c04144a24103135ea0315d459431ac196fe96f55d3213bfd6d39d0247775c854",
                "sha256:c522e496f9b9b70296a7675272ec21937ccfc15da664b74b9f58d98a641ce1b6",
                "sha256:c5a99282848b6cae0056b85da17392a26b2d39178394fc25700bcf967e06e97a",
                "sha256:c7a46639ba058d320c9f53a81db38119a74b8a7a1884df44d09fbe807d028aaf",
                "sha256:d4b1cc7835b39835c75cf7c20c926b42e97d074147c902a9ebb7cf2c840dc4e2",
                "sha256:d4d164df3d83d204c69f840da30b292ac7dc54285096c6171245b8d7807185aa",
                "sha256:d61e9ecc849d8d44d7f80894ecff4abe347136e9d926560b818f6243409f3c86",
                "sha256:d68e1762997bfebf9e5cf2a9fd0bcf9ca2fdd8136ce7b24bbd3bbfa4328f3e4a",
                "sha256:e3c1808008124850115a3f7e793a975cfa5c8a26ceeeb9ff9cbb4485cac556df",
                "sha256:f8cb80fe8d14307e4124f6fad64dfd87ab749c9d275f82b8b4ec84c84ecebdbe"
            ],
            "index": "pypi",
            "markers": "python_version >= '2.7' and python_version not in '3.0, 3.1, 3.2, 3.3, 3.4, 3.5'",
            "version": "==1.4.46"
        },
        "starlette": {
            "hashes": [
                "sha256:3c8e48e52736b3161e34c9f0e8153b4f32ec5d8995a3ee1d59410d92f75162ed",
                "sha256:7d49f4a27f8742262ef1470608c59ddbc66baf37c148e938c7038e6bc7a998aa"
            ],
            "markers": "python_version >= '3.6'",
            "version": "==0.14.2"
        },
        "typing-extensions": {
            "hashes": [
                "sha256:8f92fc8806f9a6b641eaa5318da32b44d401efaac0f6678c9bc448ba3605faa0",
                "sha256:df8e4339e9cb77357558cbdbceca33c303714cf861d1eef15e1070055ae8b7ef"
            ],
            "markers": "python_version >= '3.8'",
            "version": "==4.8.0"
        },
        "uvicorn": {
            "hashes": [
                "sha256:17f898c64c71a2640514d4089da2689e5db1ce5d4086c2d53699bf99513421c1",
                "sha256:d9a3c0dd1ca86728d3e235182683b4cf94cd53a867c288eaeca80ee781b2caff"
            ],
            "index": "pypi",
            "version": "==0.15.0"
        }
    },
    "develop": {}
}
